// !$*UTF8*$!
{
	archiveVersion = 1;
	classes = {
	};
	objectVersion = 77;
	objects = {

/* Begin PBXBuildFile section */
		A56788122EC1500000C50874 /* RemainingDataWidget.appex in Embed App Extensions */ = {isa = PBXBuildFile; fileRef = A567880C2EC1500000C50874 /* RemainingDataWidget.appex */; settings = {ATTRIBUTES = (RemoveHeadersOnCopy, ); }; };
		A5F306582F2C8B4800D89DAB /* MioWidget.icon in Resources */ = {isa = PBXBuildFile; fileRef = A5F306572F2C8B4800D89DAB /* MioWidget.icon */; };
		A5F306592F2C8B4800D89DAB /* MioWidget.icon in Resources */ = {isa = PBXBuildFile; fileRef = A5F306572F2C8B4800D89DAB /* MioWidget.icon */; };
/* End PBXBuildFile section */

/* Begin PBXContainerItemProxy section */
		A56788132EC1500000C50874 /* PBXContainerItemProxy */ = {
			isa = PBXContainerItemProxy;
			containerPortal = A56786FC2EC1360000C50874 /* Project object */;
			proxyType = 1;
			remoteGlobalIDString = A567880D2EC1500000C50874;
			remoteInfo = RemainingDataWidget;
		};
/* End PBXContainerItemProxy section */

/* Begin PBXCopyFilesBuildPhase section */
		A56788112EC1500000C50874 /* Embed App Extensions */ = {
			isa = PBXCopyFilesBuildPhase;
			buildActionMask = 2147483647;
			dstPath = "";
			dstSubfolderSpec = 13;
			files = (
				A56788122EC1500000C50874 /* RemainingDataWidget.appex in Embed App Extensions */,
			);
			name = "Embed App Extensions";
			runOnlyForDeploymentPostprocessing = 0;
		};
/* End PBXCopyFilesBuildPhase section */

/* Begin PBXFileReference section */
		A56787042EC1360000C50874 /* MioWidget.app */ = {isa = PBXFileReference; explicitFileType = wrapper.application; includeInIndex = 0; path = MioWidget.app; sourceTree = BUILT_PRODUCTS_DIR; };
		A567880C2EC1500000C50874 /* RemainingDataWidget.appex */ = {isa = PBXFileReference; explicitFileType = "wrapper.app-extension"; includeInIndex = 0; path = RemainingDataWidget.appex; sourceTree = BUILT_PRODUCTS_DIR; };
		A5F306572F2C8B4800D89DAB /* MioWidget.icon */ = {isa = PBXFileReference; lastKnownFileType = folder.iconcomposer.icon; path = MioWidget.icon; sourceTree = "<group>"; };
/* End PBXFileReference section */

/* Begin PBXFileSystemSynchronizedRootGroup section */
		A56787062EC1360000C50874 /* IIJWidget */ = {
			isa = PBXFileSystemSynchronizedRootGroup;
			path = IIJWidget;
			sourceTree = "<group>";
		};
		A567880A2EC1500000C50874 /* Shared */ = {
			isa = PBXFileSystemSynchronizedRootGroup;
			path = Shared;
			sourceTree = "<group>";
		};
		A567880B2EC1500000C50874 /* RemainingDataWidget */ = {
			isa = PBXFileSystemSynchronizedRootGroup;
			path = RemainingDataWidget;
			sourceTree = "<group>";
		};
/* End PBXFileSystemSynchronizedRootGroup section */

/* Begin PBXFrameworksBuildPhase section */
		A56787012EC1360000C50874 /* Frameworks */ = {
			isa = PBXFrameworksBuildPhase;
			buildActionMask = 2147483647;
			files = (
			);
			runOnlyForDeploymentPostprocessing = 0;
		};
		A567880F2EC1500000C50874 /* Frameworks */ = {
			isa = PBXFrameworksBuildPhase;
			buildActionMask = 2147483647;
			files = (
			);
			runOnlyForDeploymentPostprocessing = 0;
		};
/* End PBXFrameworksBuildPhase section */

/* Begin PBXGroup section */
		A56786FB2EC1360000C50874 = {
			isa = PBXGroup;
			children = (
				A56787062EC1360000C50874 /* IIJWidget */,
				A567880A2EC1500000C50874 /* Shared */,
				A567880B2EC1500000C50874 /* RemainingDataWidget */,
				A56787052EC1360000C50874 /* Products */,
				A5F306572F2C8B4800D89DAB /* MioWidget.icon */,
			);
			sourceTree = "<group>";
		};
		A56787052EC1360000C50874 /* Products */ = {
			isa = PBXGroup;
			children = (
				A56787042EC1360000C50874 /* MioWidget.app */,
				A567880C2EC1500000C50874 /* RemainingDataWidget.appex */,
			);
			name = Products;
			sourceTree = "<group>";
		};
/* End PBXGroup section */

/* Begin PBXNativeTarget section */
		A56787032EC1360000C50874 /* MioWIdget */ = {
			isa = PBXNativeTarget;
			buildConfigurationList = A567870F2EC1360300C50874 /* Build configuration list for PBXNativeTarget "MioWIdget" */;
			buildPhases = (
				A56787002EC1360000C50874 /* Sources */,
				A56787012EC1360000C50874 /* Frameworks */,
				A56787022EC1360000C50874 /* Resources */,
				A56788112EC1500000C50874 /* Embed App Extensions */,
			);
			buildRules = (
			);
			dependencies = (
				A56788142EC1500000C50874 /* PBXTargetDependency */,
			);
			fileSystemSynchronizedGroups = (
				A56787062EC1360000C50874 /* IIJWidget */,
				A567880A2EC1500000C50874 /* Shared */,
			);
			name = MioWIdget;
			productName = MioWidget;
			productReference = A56787042EC1360000C50874 /* MioWidget.app */;
			productType = "com.apple.product-type.application";
		};
		A567880D2EC1500000C50874 /* RemainingDataWidget */ = {
			isa = PBXNativeTarget;
			buildConfigurationList = A56788152EC1500000C50874 /* Build configuration list for PBXNativeTarget "RemainingDataWidget" */;
			buildPhases = (
				A567880E2EC1500000C50874 /* Sources */,
				A567880F2EC1500000C50874 /* Frameworks */,
				A56788102EC1500000C50874 /* Resources */,
			);
			buildRules = (
			);
			dependencies = (
			);
			fileSystemSynchronizedGroups = (
				A567880A2EC1500000C50874 /* Shared */,
				A567880B2EC1500000C50874 /* RemainingDataWidget */,
			);
			name = RemainingDataWidget;
			packageProductDependencies = (
			);
			productName = RemainingDataWidget;
			productReference = A567880C2EC1500000C50874 /* RemainingDataWidget.appex */;
			productType = "com.apple.product-type.app-extension";
		};
/* End PBXNativeTarget section */

/* Begin PBXProject section */
		A56786FC2EC1360000C50874 /* Project object */ = {
			isa = PBXProject;
			attributes = {
				BuildIndependentTargetsInParallel = 1;
				LastSwiftUpdateCheck = 2610;
				LastUpgradeCheck = 2610;
				TargetAttributes = {
					A56787032EC1360000C50874 = {
						CreatedOnToolsVersion = 26.1;
					};
					A567880D2EC1500000C50874 = {
						CreatedOnToolsVersion = 26.1;
						ProvisioningStyle = Automatic;
					};
				};
			};
			buildConfigurationList = A56786FF2EC1360000C50874 /* Build configuration list for PBXProject "IIJWidget" */;
			developmentRegion = ja;
			hasScannedForEncodings = 0;
			knownRegions = (
				Base,
				ja,
			);
			mainGroup = A56786FB2EC1360000C50874;
			minimizedProjectReferenceProxies = 1;
			preferredProjectObjectVersion = 77;
			productRefGroup = A56787052EC1360000C50874 /* Products */;
			projectDirPath = "";
			projectRoot = "";
			targets = (
				A56787032EC1360000C50874 /* MioWIdget */,
				A567880D2EC1500000C50874 /* RemainingDataWidget */,
			);
		};
/* End PBXProject section */

/* Begin PBXResourcesBuildPhase section */
		A56787022EC1360000C50874 /* Resources */ = {
			isa = PBXResourcesBuildPhase;
			buildActionMask = 2147483647;
			files = (
				A5F306582F2C8B4800D89DAB /* MioWidget.icon in Resources */,
			);
			runOnlyForDeploymentPostprocessing = 0;
		};
		A56788102EC1500000C50874 /* Resources */ = {
			isa = PBXResourcesBuildPhase;
			buildActionMask = 2147483647;
			files = (
				A5F306592F2C8B4800D89DAB /* MioWidget.icon in Resources */,
			);
			runOnlyForDeploymentPostprocessing = 0;
		};
/* End PBXResourcesBuildPhase section */

/* Begin PBXSourcesBuildPhase section */
		A56787002EC1360000C50874 /* Sources */ = {
			isa = PBXSourcesBuildPhase;
			buildActionMask = 2147483647;
			files = (
			);
			runOnlyForDeploymentPostprocessing = 0;
		};
		A567880E2EC1500000C50874 /* Sources */ = {
			isa = PBXSourcesBuildPhase;
			buildActionMask = 2147483647;
			files = (
			);
			runOnlyForDeploymentPostprocessing = 0;
		};
/* End PBXSourcesBuildPhase section */

/* Begin PBXTargetDependency section */
		A56788142EC1500000C50874 /* PBXTargetDependency */ = {
			isa = PBXTargetDependency;
			target = A567880D2EC1500000C50874 /* RemainingDataWidget */;
			targetProxy = A56788132EC1500000C50874 /* PBXContainerItemProxy */;
		};
/* End PBXTargetDependency section */

/* Begin XCBuildConfiguration section */
		A567870D2EC1360300C50874 /* Debug */ = {
			isa = XCBuildConfiguration;
			buildSettings = {
				ALWAYS_SEARCH_USER_PATHS = NO;
				ASSETCATALOG_COMPILER_GENERATE_SWIFT_ASSET_SYMBOL_EXTENSIONS = YES;
				CLANG_ANALYZER_NONNULL = YES;
				CLANG_ANALYZER_NUMBER_OBJECT_CONVERSION = YES_AGGRESSIVE;
				CLANG_CXX_LANGUAGE_STANDARD = "gnu++20";
				CLANG_ENABLE_MODULES = YES;
				CLANG_ENABLE_OBJC_ARC = YES;
				CLANG_ENABLE_OBJC_WEAK = YES;
				CLANG_WARN_BLOCK_CAPTURE_AUTORELEASING = YES;
				CLANG_WARN_BOOL_CONVERSION = YES;
				CLANG_WARN_COMMA = YES;
				CLANG_WARN_CONSTANT_CONVERSION = YES;
				CLANG_WARN_DEPRECATED_OBJC_IMPLEMENTATIONS = YES;
				CLANG_WARN_DIRECT_OBJC_ISA_USAGE = YES_ERROR;
				CLANG_WARN_DOCUMENTATION_COMMENTS = YES;
				CLANG_WARN_EMPTY_BODY = YES;
				CLANG_WARN_ENUM_CONVERSION = YES;
				CLANG_WARN_INFINITE_RECURSION = YES;
				CLANG_WARN_INT_CONVERSION = YES;
				CLANG_WARN_NON_LITERAL_NULL_CONVERSION = YES;
				CLANG_WARN_OBJC_IMPLICIT_RETAIN_SELF = YES;
				CLANG_WARN_OBJC_LITERAL_CONVERSION = YES;
				CLANG_WARN_OBJC_ROOT_CLASS = YES_ERROR;
				CLANG_WARN_QUOTED_INCLUDE_IN_FRAMEWORK_HEADER = YES;
				CLANG_WARN_RANGE_LOOP_ANALYSIS = YES;
				CLANG_WARN_STRICT_PROTOTYPES = YES;
				CLANG_WARN_SUSPICIOUS_MOVE = YES;
				CLANG_WARN_UNGUARDED_AVAILABILITY = YES_AGGRESSIVE;
				CLANG_WARN_UNREACHABLE_CODE = YES;
				CLANG_WARN__DUPLICATE_METHOD_MATCH = YES;
				COPY_PHASE_STRIP = NO;
				DEBUG_INFORMATION_FORMAT = dwarf;
				DEVELOPMENT_TEAM = PL326P8SR9;
				ENABLE_STRICT_OBJC_MSGSEND = YES;
				ENABLE_TESTABILITY = YES;
				ENABLE_USER_SCRIPT_SANDBOXING = YES;
				GCC_C_LANGUAGE_STANDARD = gnu17;
				GCC_DYNAMIC_NO_PIC = NO;
				GCC_NO_COMMON_BLOCKS = YES;
				GCC_OPTIMIZATION_LEVEL = 0;
				GCC_PREPROCESSOR_DEFINITIONS = (
					"DEBUG=1",
					"$(inherited)",
				);
				GCC_WARN_64_TO_32_BIT_CONVERSION = YES;
				GCC_WARN_ABOUT_RETURN_TYPE = YES_ERROR;
				GCC_WARN_UNDECLARED_SELECTOR = YES;
				GCC_WARN_UNINITIALIZED_AUTOS = YES_AGGRESSIVE;
				GCC_WARN_UNUSED_FUNCTION = YES;
				GCC_WARN_UNUSED_VARIABLE = YES;
				IPHONEOS_DEPLOYMENT_TARGET = 26.1;
				LOCALIZATION_PREFERS_STRING_CATALOGS = YES;
				MTL_ENABLE_DEBUG_INFO = INCLUDE_SOURCE;
				MTL_FAST_MATH = YES;
				ONLY_ACTIVE_ARCH = YES;
				SDKROOT = iphoneos;
				SWIFT_ACTIVE_COMPILATION_CONDITIONS = "DEBUG $(inherited)";
				SWIFT_OPTIMIZATION_LEVEL = "-Onone";
			};
			name = Debug;
		};
		A567870E2EC1360300C50874 /* Release */ = {
			isa = XCBuildConfiguration;
			buildSettings = {
				ALWAYS_SEARCH_USER_PATHS = NO;
				ASSETCATALOG_COMPILER_GENERATE_SWIFT_ASSET_SYMBOL_EXTENSIONS = YES;
				CLANG_ANALYZER_NONNULL = YES;
				CLANG_ANALYZER_NUMBER_OBJECT_CONVERSION = YES_AGGRESSIVE;
				CLANG_CXX_LANGUAGE_STANDARD = "gnu++20";
				CLANG_ENABLE_MODULES = YES;
				CLANG_ENABLE_OBJC_ARC = YES;
				CLANG_ENABLE_OBJC_WEAK = YES;
				CLANG_WARN_BLOCK_CAPTURE_AUTORELEASING = YES;
				CLANG_WARN_BOOL_CONVERSION = YES;
				CLANG_WARN_COMMA = YES;
				CLANG_WARN_CONSTANT_CONVERSION = YES;
				CLANG_WARN_DEPRECATED_OBJC_IMPLEMENTATIONS = YES;
				CLANG_WARN_DIRECT_OBJC_ISA_USAGE = YES_ERROR;
				CLANG_WARN_DOCUMENTATION_COMMENTS = YES;
				CLANG_WARN_EMPTY_BODY = YES;
				CLANG_WARN_ENUM_CONVERSION = YES;
				CLANG_WARN_INFINITE_RECURSION = YES;
				CLANG_WARN_INT_CONVERSION = YES;
				CLANG_WARN_NON_LITERAL_NULL_CONVERSION = YES;
				CLANG_WARN_OBJC_IMPLICIT_RETAIN_SELF = YES;
				CLANG_WARN_OBJC_LITERAL_CONVERSION = YES;
				CLANG_WARN_OBJC_ROOT_CLASS = YES_ERROR;
				CLANG_WARN_QUOTED_INCLUDE_IN_FRAMEWORK_HEADER = YES;
				CLANG_WARN_RANGE_LOOP_ANALYSIS = YES;
				CLANG_WARN_STRICT_PROTOTYPES = YES;
				CLANG_WARN_SUSPICIOUS_MOVE = YES;
				CLANG_WARN_UNGUARDED_AVAILABILITY = YES_AGGRESSIVE;
				CLANG_WARN_UNREACHABLE_CODE = YES;
				CLANG_WARN__DUPLICATE_METHOD_MATCH = YES;
				COPY_PHASE_STRIP = NO;
				DEBUG_INFORMATION_FORMAT = "dwarf-with-dsym";
				DEVELOPMENT_TEAM = PL326P8SR9;
				ENABLE_NS_ASSERTIONS = NO;
				ENABLE_STRICT_OBJC_MSGSEND = YES;
				ENABLE_USER_SCRIPT_SANDBOXING = YES;
				GCC_C_LANGUAGE_STANDARD = gnu17;
				GCC_NO_COMMON_BLOCKS = YES;
				GCC_WARN_64_TO_32_BIT_CONVERSION = YES;
				GCC_WARN_ABOUT_RETURN_TYPE = YES_ERROR;
				GCC_WARN_UNDECLARED_SELECTOR = YES;
				GCC_WARN_UNINITIALIZED_AUTOS = YES_AGGRESSIVE;
				GCC_WARN_UNUSED_FUNCTION = YES;
				GCC_WARN_UNUSED_VARIABLE = YES;
				IPHONEOS_DEPLOYMENT_TARGET = 26.1;
				LOCALIZATION_PREFERS_STRING_CATALOGS = YES;
				MTL_ENABLE_DEBUG_INFO = NO;
				MTL_FAST_MATH = YES;
				SDKROOT = iphoneos;
				SWIFT_COMPILATION_MODE = wholemodule;
				VALIDATE_PRODUCT = YES;
			};
			name = Release;
		};
		A56787102EC1360300C50874 /* Debug */ = {
			isa = XCBuildConfiguration;
			buildSettings = {
				ASSETCATALOG_COMPILER_APPICON_NAME = MioWidget;
				ASSETCATALOG_COMPILER_GLOBAL_ACCENT_COLOR_NAME = AccentColor;
				CODE_SIGN_ENTITLEMENTS = IIJWidget/IIJWidget.entitlements;
				CODE_SIGN_STYLE = Automatic;
				CURRENT_PROJECT_VERSION = 1;
				DEVELOPMENT_TEAM = FZ35ZF3CZV;
				ENABLE_PREVIEWS = YES;
					GENERATE_INFOPLIST_FILE = YES;
					INFOPLIST_KEY_ITSAppUsesNonExemptEncryption = NO;
					INFOPLIST_KEY_CFBundleDisplayName = MioWidget;
					INFOPLIST_KEY_UIApplicationSceneManifest_Generation = YES;
					INFOPLIST_KEY_UIApplicationSupportsIndirectInputEvents = YES;
					INFOPLIST_KEY_UILaunchScreen_Generation = YES;
					INFOPLIST_KEY_UISupportedInterfaceOrientations_iPad = "UIInterfaceOrientationPortrait UIInterfaceOrientationPortraitUpsideDown UIInterfaceOrientationLandscapeLeft UIInterfaceOrientationLandscapeRight";
				INFOPLIST_KEY_UISupportedInterfaceOrientations_iPhone = "UIInterfaceOrientationPortrait UIInterfaceOrientationLandscapeLeft UIInterfaceOrientationLandscapeRight";
				IPHONEOS_DEPLOYMENT_TARGET = 17.0;
				LD_RUNPATH_SEARCH_PATHS = (
					"$(inherited)",
					"@executable_path/Frameworks",
				);
				MARKETING_VERSION = 1.2.1;
				PRODUCT_BUNDLE_IDENTIFIER = jp.yyyywaiwai.MioWidget;
				PRODUCT_NAME = MioWidget;
				STRING_CATALOG_GENERATE_SYMBOLS = YES;
				SWIFT_APPROACHABLE_CONCURRENCY = YES;
				SWIFT_DEFAULT_ACTOR_ISOLATION = MainActor;
				SWIFT_EMIT_LOC_STRINGS = YES;
				SWIFT_UPCOMING_FEATURE_MEMBER_IMPORT_VISIBILITY = YES;
				SWIFT_VERSION = 5.0;
				TARGETED_DEVICE_FAMILY = "1,2";
			};
			name = Debug;
		};
		A56787112EC1360300C50874 /* Release */ = {
			isa = XCBuildConfiguration;
			buildSettings = {
				ASSETCATALOG_COMPILER_APPICON_NAME = MioWidget;
				ASSETCATALOG_COMPILER_GLOBAL_ACCENT_COLOR_NAME = AccentColor;
				CODE_SIGN_ENTITLEMENTS = IIJWidget/IIJWidget.entitlements;
				CODE_SIGN_STYLE = Automatic;
				CURRENT_PROJECT_VERSION = 1;
				DEVELOPMENT_TEAM = FZ35ZF3CZV;
				ENABLE_PREVIEWS = YES;
					GENERATE_INFOPLIST_FILE = YES;
					INFOPLIST_KEY_ITSAppUsesNonExemptEncryption = NO;
					INFOPLIST_KEY_CFBundleDisplayName = MioWidget;
					INFOPLIST_KEY_UIApplicationSceneManifest_Generation = YES;
					INFOPLIST_KEY_UIApplicationSupportsIndirectInputEvents = YES;
					INFOPLIST_KEY_UILaunchScreen_Generation = YES;
					INFOPLIST_KEY_UISupportedInterfaceOrientations_iPad = "UIInterfaceOrientationPortrait UIInterfaceOrientationPortraitUpsideDown UIInterfaceOrientationLandscapeLeft UIInterfaceOrientationLandscapeRight";
				INFOPLIST_KEY_UISupportedInterfaceOrientations_iPhone = "UIInterfaceOrientationPortrait UIInterfaceOrientationLandscapeLeft UIInterfaceOrientationLandscapeRight";
				IPHONEOS_DEPLOYMENT_TARGET = 17.0;
				LD_RUNPATH_SEARCH_PATHS = (
					"$(inherited)",
					"@executable_path/Frameworks",
				);
				MARKETING_VERSION = 1.2.1;
				PRODUCT_BUNDLE_IDENTIFIER = jp.yyyywaiwai.MioWidget;
				PRODUCT_NAME = MioWidget;
				STRING_CATALOG_GENERATE_SYMBOLS = YES;
				SWIFT_APPROACHABLE_CONCURRENCY = YES;
				SWIFT_DEFAULT_ACTOR_ISOLATION = MainActor;
				SWIFT_EMIT_LOC_STRINGS = YES;
				SWIFT_UPCOMING_FEATURE_MEMBER_IMPORT_VISIBILITY = YES;
				SWIFT_VERSION = 5.0;
				TARGETED_DEVICE_FAMILY = "1,2";
			};
			name = Release;
		};
		A56788162EC1500000C50874 /* Debug */ = {
			isa = XCBuildConfiguration;
			buildSettings = {
				APPLICATION_EXTENSION_API_ONLY = YES;
				CODE_SIGN_ENTITLEMENTS = RemainingDataWidget/RemainingDataWidget.entitlements;
				CODE_SIGN_STYLE = Automatic;
				CURRENT_PROJECT_VERSION = 1;
				DEVELOPMENT_TEAM = FZ35ZF3CZV;
				GENERATE_INFOPLIST_FILE = NO;
				INFOPLIST_FILE = RemainingDataWidget/WidgetExtensionInfo.plist;
				IPHONEOS_DEPLOYMENT_TARGET = 17.0;
				LD_RUNPATH_SEARCH_PATHS = (
					"$(inherited)",
					"@executable_path/Frameworks",
					"@executable_path/../../Frameworks",
				);
				MARKETING_VERSION = 1.2.1;
				PRODUCT_BUNDLE_IDENTIFIER = jp.yyyywaiwai.MioWidget.RemainingDataWidget;
				PRODUCT_NAME = "$(TARGET_NAME)";
				SKIP_INSTALL = YES;
				SWIFT_EMIT_LOC_STRINGS = NO;
				SWIFT_VERSION = 5.0;
				TARGETED_DEVICE_FAMILY = 1;
			};
			name = Debug;
		};
		A56788172EC1500000C50874 /* Release */ = {
			isa = XCBuildConfiguration;
			buildSettings = {
				APPLICATION_EXTENSION_API_ONLY = YES;
				CODE_SIGN_ENTITLEMENTS = RemainingDataWidget/RemainingDataWidget.entitlements;
				CODE_SIGN_STYLE = Automatic;
				CURRENT_PROJECT_VERSION = 1;
				DEVELOPMENT_TEAM = FZ35ZF3CZV;
				GENERATE_INFOPLIST_FILE = NO;
				INFOPLIST_FILE = RemainingDataWidget/WidgetExtensionInfo.plist;
				IPHONEOS_DEPLOYMENT_TARGET = 17.0;
				LD_RUNPATH_SEARCH_PATHS = (
					"$(inherited)",
					"@executable_path/Frameworks",
					"@executable_path/../../Frameworks",
				);
				MARKETING_VERSION = 1.2.1;
				PRODUCT_BUNDLE_IDENTIFIER = jp.yyyywaiwai.MioWidget.RemainingDataWidget;
				PRODUCT_NAME = "$(TARGET_NAME)";
				SKIP_INSTALL = YES;
				SWIFT_EMIT_LOC_STRINGS = NO;
				SWIFT_VERSION = 5.0;
				TARGETED_DEVICE_FAMILY = 1;
				VALIDATE_PRODUCT = YES;
			};
			name = Release;
		};
/* End XCBuildConfiguration section */

/* Begin XCConfigurationList section */
		A56786FF2EC1360000C50874 /* Build configuration list for PBXProject "IIJWidget" */ = {
			isa = XCConfigurationList;
			buildConfigurations = (
				A567870D2EC1360300C50874 /* Debug */,
				A567870E2EC1360300C50874 /* Release */,
			);
			defaultConfigurationIsVisible = 0;
			defaultConfigurationName = Release;
		};
		A567870F2EC1360300C50874 /* Build configuration list for PBXNativeTarget "MioWIdget" */ = {
			isa = XCConfigurationList;
			buildConfigurations = (
				A56787102EC1360300C50874 /* Debug */,
				A56787112EC1360300C50874 /* Release */,
			);
			defaultConfigurationIsVisible = 0;
			defaultConfigurationName = Release;
		};
		A56788152EC1500000C50874 /* Build configuration list for PBXNativeTarget "RemainingDataWidget" */ = {
			isa = XCConfigurationList;
			buildConfigurations = (
				A56788162EC1500000C50874 /* Debug */,
				A56788172EC1500000C50874 /* Release */,
			);
			defaultConfigurationIsVisible = 0;
			defaultConfigurationName = Release;
		};
/* End XCConfigurationList section */
	};
	rootObject = A56786FC2EC1360000C50874 /* Project object */;
}
